
Microsoft Visual Studio Solution File, Format Version 12.00
# Visual Studio 15
VisualStudioVersion = 15.0.34031.82
MinimumVisualStudioVersion = 10.0.40219.1
Project("{8BC9CEB8-8B4A-11D0-8D11-00A0C91BC942}") = "p27", "p27\p27.vcxproj", "{2EFD86A6-B036-4335-BCE1-612C99DB861F}"
EndProject
Global
	GlobalSection(SolutionConfigurationPlatforms) = preSolution
		Debug|x64 = Debug|x64
		Debug|x86 = Debug|x86
		Release|x64 = Release|x64
		Release|x86 = Release|x86
	EndGlobalSection
	GlobalSection(ProjectConfigurationPlatforms) = postSolution
		{2EFD86A6-B036-4335-BCE1-612C99DB861F}.Debug|x64.ActiveCfg = Debug|x64
		{2EFD86A6-B036-4335-BCE1-612C99DB861F}.Debug|x64.Build.0 = Debug|x64
		{2EFD86A6-B036-4335-BCE1-612C99DB861F}.Debug|x86.ActiveCfg = Debug|Win32
		{2EFD86A6-B036-4335-BCE1-612C99DB861F}.Debug|x86.Build.0 = Debug|Win32
		{2EFD86A6-B036-4335-BCE1-612C99DB861F}.Release|x64.ActiveCfg = Release|x64
		{2EFD86A6-B036-4335-BCE1-612C99DB861F}.Release|x64.Build.0 = Release|x64
		{2EFD86A6-B036-4335-BCE1-612C99DB861F}.Release|x86.ActiveCfg = Release|Win32
		{2EFD86A6-B036-4335-BCE1-612C99DB861F}.Release|x86.Build.0 = Release|Win32
	EndGlobalSection
	GlobalSection(SolutionProperties) = preSolution
		HideSolutionNode = FALSE
	EndGlobalSection
	GlobalSection(ExtensibilityGlobals) = postSolution
		SolutionGuid = {FDE06A62-F1E8-4685-8CC9-A894B53F953A}
	EndGlobalSection
EndGlobal
