
Microsoft Visual Studio Solution File, Format Version 12.00
# Visual Studio 15
VisualStudioVersion = 15.0.34031.82
MinimumVisualStudioVersion = 10.0.40219.1
Project("{8BC9CEB8-8B4A-11D0-8D11-00A0C91BC942}") = "p23", "p23\p23.vcxproj", "{112F88C1-E9D6-49D8-AC25-E25AF81BA12A}"
EndProject
Global
	GlobalSection(SolutionConfigurationPlatforms) = preSolution
		Debug|x64 = Debug|x64
		Debug|x86 = Debug|x86
		Release|x64 = Release|x64
		Release|x86 = Release|x86
	EndGlobalSection
	GlobalSection(ProjectConfigurationPlatforms) = postSolution
		{112F88C1-E9D6-49D8-AC25-E25AF81BA12A}.Debug|x64.ActiveCfg = Debug|x64
		{112F88C1-E9D6-49D8-AC25-E25AF81BA12A}.Debug|x64.Build.0 = Debug|x64
		{112F88C1-E9D6-49D8-AC25-E25AF81BA12A}.Debug|x86.ActiveCfg = Debug|Win32
		{112F88C1-E9D6-49D8-AC25-E25AF81BA12A}.Debug|x86.Build.0 = Debug|Win32
		{112F88C1-E9D6-49D8-AC25-E25AF81BA12A}.Release|x64.ActiveCfg = Release|x64
		{112F88C1-E9D6-49D8-AC25-E25AF81BA12A}.Release|x64.Build.0 = Release|x64
		{112F88C1-E9D6-49D8-AC25-E25AF81BA12A}.Release|x86.ActiveCfg = Release|Win32
		{112F88C1-E9D6-49D8-AC25-E25AF81BA12A}.Release|x86.Build.0 = Release|Win32
	EndGlobalSection
	GlobalSection(SolutionProperties) = preSolution
		HideSolutionNode = FALSE
	EndGlobalSection
	GlobalSection(ExtensibilityGlobals) = postSolution
		SolutionGuid = {43FFF680-1055-40BF-B4C8-AB1EE7958370}
	EndGlobalSection
EndGlobal
